
Microsoft Visual Studio Solution File, Format Version 12.00
# Visual Studio Version 16
VisualStudioVersion = 16.0.30517.126
MinimumVisualStudioVersion = 10.0.40219.1
Project("{FAE04EC0-301F-11D3-BF4B-00C04F79EFBC}") = "BusinessLayer", "BusinessLayer\BusinessLayer.csproj", "{2CF392FF-5880-4BE2-BF32-BE34DC047A9C}"
EndProject
Project("{FAE04EC0-301F-11D3-BF4B-00C04F79EFBC}") = "Etain", "Etain\Etain.csproj", "{2C182E39-DE95-4535-BF88-ADE4ACE723E7}"
EndProject
Global
	GlobalSection(SolutionConfigurationPlatforms) = preSolution
		Debug|Any CPU = Debug|Any CPU
		Release|Any CPU = Release|Any CPU
	EndGlobalSection
	GlobalSection(ProjectConfigurationPlatforms) = postSolution
		{2CF392FF-5880-4BE2-BF32-BE34DC047A9C}.Debug|Any CPU.ActiveCfg = Debug|Any CPU
		{2CF392FF-5880-4BE2-BF32-BE34DC047A9C}.Debug|Any CPU.Build.0 = Debug|Any CPU
		{2CF392FF-5880-4BE2-BF32-BE34DC047A9C}.Release|Any CPU.ActiveCfg = Release|Any CPU
		{2CF392FF-5880-4BE2-BF32-BE34DC047A9C}.Release|Any CPU.Build.0 = Release|Any CPU
		{2C182E39-DE95-4535-BF88-ADE4ACE723E7}.Debug|Any CPU.ActiveCfg = Debug|Any CPU
		{2C182E39-DE95-4535-BF88-ADE4ACE723E7}.Debug|Any CPU.Build.0 = Debug|Any CPU
		{2C182E39-DE95-4535-BF88-ADE4ACE723E7}.Release|Any CPU.ActiveCfg = Release|Any CPU
		{2C182E39-DE95-4535-BF88-ADE4ACE723E7}.Release|Any CPU.Build.0 = Release|Any CPU
	EndGlobalSection
	GlobalSection(SolutionProperties) = preSolution
		HideSolutionNode = FALSE
	EndGlobalSection
	GlobalSection(ExtensibilityGlobals) = postSolution
		SolutionGuid = {EC1C3EF3-A59E-40B1-955F-05789582AEEF}
	EndGlobalSection
EndGlobal
